<?xml version="1.0" encoding="UTF-8"?>
<CONFIG>
  <ProjectOptions>
    <Version Value="9"/>
    <PathDelim Value="\"/>
    <General>
      <SessionStorage Value="InProjectDir"/>
      <MainUnit Value="0"/>
      <Title Value="LazRadio"/>
      <ResourceType Value="res"/>
      <UseXPManifest Value="True"/>
      <Icon Value="0"/>
    </General>
    <i18n>
      <EnableI18N LFM="False"/>
    </i18n>
    <VersionInfo>
      <StringTable ProductVersion=""/>
    </VersionInfo>
    <BuildModes Count="1">
      <Item1 Name="Default" Default="True"/>
    </BuildModes>
    <PublishOptions>
      <Version Value="2"/>
    </PublishOptions>
    <RunParams>
      <local>
        <FormatVersion Value="1"/>
      </local>
    </RunParams>
    <RequiredPackages Count="4">
      <Item1>
        <PackageName Value="LazControls"/>
      </Item1>
      <Item2>
        <PackageName Value="TAChartLazarusPkg"/>
      </Item2>
      <Item3>
        <PackageName Value="SynEdit"/>
      </Item3>
      <Item4>
        <PackageName Value="LCL"/>
      </Item4>
    </RequiredPackages>
    <Units Count="46">
      <Unit0>
        <Filename Value="LazRadio.lpr"/>
        <IsPartOfProject Value="True"/>
        <UnitName Value="LazRadio"/>
      </Unit0>
      <Unit1>
        <Filename Value="frames\formmain.pas"/>
        <IsPartOfProject Value="True"/>
        <ComponentName Value="MainForm"/>
        <HasResources Value="True"/>
        <ResourceBaseClass Value="Form"/>
        <UnitName Value="formmain"/>
      </Unit1>
      <Unit2>
        <Filename Value="radiomodule.pas"/>
        <IsPartOfProject Value="True"/>
        <UnitName Value="RadioModule"/>
      </Unit2>
      <Unit3>
        <Filename Value="rtlsdr.pas"/>
        <IsPartOfProject Value="True"/>
        <UnitName Value="RtlSdr"/>
      </Unit3>
      <Unit4>
        <Filename Value="frames\formrtl.pas"/>
        <IsPartOfProject Value="True"/>
        <ComponentName Value="RTLForm"/>
        <HasResources Value="True"/>
        <ResourceBaseClass Value="Form"/>
        <UnitName Value="formrtl"/>
      </Unit4>
      <Unit5>
        <Filename Value="rm_rtl.pas"/>
        <IsPartOfProject Value="True"/>
        <UnitName Value="rm_rtl"/>
      </Unit5>
      <Unit6>
        <Filename Value="async.pas"/>
        <IsPartOfProject Value="True"/>
        <UnitName Value="Async"/>
      </Unit6>
      <Unit7>
        <Filename Value="rm_oscillator.pas"/>
        <IsPartOfProject Value="True"/>
        <UnitName Value="rm_oscillator"/>
      </Unit7>
      <Unit8>
        <Filename Value="radiosystem.pas"/>
        <IsPartOfProject Value="True"/>
        <UnitName Value="RadioSystem"/>
      </Unit8>
      <Unit9>
        <Filename Value="..\superobject\superobject.pas"/>
        <IsPartOfProject Value="True"/>
        <UnitName Value="superobject"/>
      </Unit9>
      <Unit10>
        <Filename Value="rm_spectrum.pas"/>
        <IsPartOfProject Value="True"/>
        <UnitName Value="rm_spectrum"/>
      </Unit10>
      <Unit11>
        <Filename Value="rm_timer.pas"/>
        <IsPartOfProject Value="True"/>
        <UnitName Value="rm_timer"/>
      </Unit11>
      <Unit12>
        <Filename Value="rm_audio.pas"/>
        <IsPartOfProject Value="True"/>
        <UnitName Value="rm_audio"/>
      </Unit12>
      <Unit13>
        <Filename Value="rm_filter.pas"/>
        <IsPartOfProject Value="True"/>
        <UnitName Value="rm_filter"/>
      </Unit13>
      <Unit14>
        <Filename Value="frames\formspectrum.pas"/>
        <IsPartOfProject Value="True"/>
        <ComponentName Value="SpectrumForm"/>
        <HasResources Value="True"/>
        <ResourceBaseClass Value="Form"/>
        <UnitName Value="formspectrum"/>
      </Unit14>
      <Unit15>
        <Filename Value="dsp\kissfft.pas"/>
        <IsPartOfProject Value="True"/>
        <UnitName Value="KissFFT"/>
      </Unit15>
      <Unit16>
        <Filename Value="dsp\signalbasic.pas"/>
        <IsPartOfProject Value="True"/>
        <UnitName Value="SignalBasic"/>
      </Unit16>
      <Unit17>
        <Filename Value="frames\formoscillator.pas"/>
        <IsPartOfProject Value="True"/>
        <ComponentName Value="OscillatorForm"/>
        <HasResources Value="True"/>
        <ResourceBaseClass Value="Form"/>
        <UnitName Value="formoscillator"/>
      </Unit17>
      <Unit18>
        <Filename Value="frames\formauin.pas"/>
        <IsPartOfProject Value="True"/>
        <ComponentName Value="AudioInForm"/>
        <HasResources Value="True"/>
        <ResourceBaseClass Value="Form"/>
        <UnitName Value="formauin"/>
      </Unit18>
      <Unit19>
        <Filename Value="utils.pas"/>
        <IsPartOfProject Value="True"/>
        <UnitName Value="utils"/>
      </Unit19>
      <Unit20>
        <Filename Value="rm_dump.pas"/>
        <IsPartOfProject Value="True"/>
        <UnitName Value="rm_dump"/>
      </Unit20>
      <Unit21>
        <Filename Value="logger.pas"/>
        <IsPartOfProject Value="True"/>
        <UnitName Value="logger"/>
      </Unit21>
      <Unit22>
        <Filename Value="frames\formfilter.pas"/>
        <IsPartOfProject Value="True"/>
        <ComponentName Value="FilterForm"/>
        <HasResources Value="True"/>
        <ResourceBaseClass Value="Form"/>
        <UnitName Value="formfilter"/>
      </Unit22>
      <Unit23>
        <Filename Value="rm_fm.pas"/>
        <IsPartOfProject Value="True"/>
        <UnitName Value="rm_fm"/>
      </Unit23>
      <Unit24>
        <Filename Value="rm_pll.pas"/>
        <IsPartOfProject Value="True"/>
        <UnitName Value="rm_pll"/>
      </Unit24>
      <Unit25>
        <Filename Value="dsp\fft2.pas"/>
        <IsPartOfProject Value="True"/>
        <UnitName Value="FFT2"/>
      </Unit25>
      <Unit26>
        <Filename Value="dsp\genfft.pas"/>
        <IsPartOfProject Value="True"/>
        <UnitName Value="GenFFT"/>
      </Unit26>
      <Unit27>
        <Filename Value="dsp\fftw.pas"/>
        <IsPartOfProject Value="True"/>
        <UnitName Value="FFTW"/>
      </Unit27>
      <Unit28>
        <Filename Value="graph\gen_graph.pas"/>
        <IsPartOfProject Value="True"/>
        <UnitName Value="gen_graph"/>
      </Unit28>
      <Unit29>
        <Filename Value="radiomessage.pas"/>
        <IsPartOfProject Value="True"/>
        <UnitName Value="RadioMessage"/>
      </Unit29>
      <Unit30>
        <Filename Value="minij.pas"/>
        <IsPartOfProject Value="True"/>
        <UnitName Value="MiniJ"/>
      </Unit30>
      <Unit31>
        <Filename Value="util_config.pas"/>
        <IsPartOfProject Value="True"/>
        <UnitName Value="util_config"/>
      </Unit31>
      <Unit32>
        <Filename Value="rm_resampling.pas"/>
        <IsPartOfProject Value="True"/>
        <UnitName Value="rm_resampling"/>
      </Unit32>
      <Unit33>
        <Filename Value="dsp\mathlut.pas"/>
        <IsPartOfProject Value="True"/>
        <UnitName Value="MathLUT"/>
      </Unit33>
      <Unit34>
        <Filename Value="rm_audiomixer.pas"/>
        <IsPartOfProject Value="True"/>
        <UnitName Value="rm_audiomixer"/>
      </Unit34>
      <Unit35>
        <Filename Value="frames\formaudiomixer.pas"/>
        <IsPartOfProject Value="True"/>
        <ComponentName Value="AudioMixerForm"/>
        <HasResources Value="True"/>
        <ResourceBaseClass Value="Form"/>
        <UnitName Value="formaudiomixer"/>
      </Unit35>
      <Unit36>
        <Filename Value="util_math.pas"/>
        <IsPartOfProject Value="True"/>
        <UnitName Value="util_math"/>
      </Unit36>
      <Unit37>
        <Filename Value="logger_treeview.pas"/>
        <IsPartOfProject Value="True"/>
        <UnitName Value="logger_treeview"/>
      </Unit37>
      <Unit38>
        <Filename Value="rm_am.pas"/>
        <IsPartOfProject Value="True"/>
        <UnitName Value="rm_am"/>
      </Unit38>
      <Unit39>
        <Filename Value="rm_soundfx.pas"/>
        <IsPartOfProject Value="True"/>
        <UnitName Value="rm_soundfx"/>
      </Unit39>
      <Unit40>
        <Filename Value="rm_iqcorrection.pas"/>
        <IsPartOfProject Value="True"/>
        <UnitName Value="rm_iqcorrection"/>
      </Unit40>
      <Unit41>
        <Filename Value="rm_oscilloscope.pas"/>
        <IsPartOfProject Value="True"/>
        <UnitName Value="rm_oscilloscope"/>
      </Unit41>
      <Unit42>
        <Filename Value="frames\formoscilloscope.pas"/>
        <IsPartOfProject Value="True"/>
        <ComponentName Value="OscilloscopeForm"/>
        <HasResources Value="True"/>
        <ResourceBaseClass Value="Form"/>
        <UnitName Value="formoscilloscope"/>
      </Unit42>
      <Unit43>
        <Filename Value="radiolang.pas"/>
        <IsPartOfProject Value="True"/>
        <UnitName Value="RadioLang"/>
      </Unit43>
      <Unit44>
        <Filename Value="lzr_interpreter.pas"/>
        <IsPartOfProject Value="True"/>
        <UnitName Value="lzr_interpreter"/>
      </Unit44>
      <Unit45>
        <Filename Value="frames\formwait.pas"/>
        <IsPartOfProject Value="True"/>
        <ComponentName Value="WaitForm"/>
        <ResourceBaseClass Value="Form"/>
        <UnitName Value="formwait"/>
      </Unit45>
    </Units>
  </ProjectOptions>
  <CompilerOptions>
    <Version Value="11"/>
    <PathDelim Value="\"/>
    <Target>
      <Filename Value="LazRadio"/>
    </Target>
    <SearchPaths>
      <IncludeFiles Value="$(ProjOutDir)"/>
      <OtherUnitFiles Value="frames;..\superobject;dsp;graph"/>
      <UnitOutputDirectory Value="lib\$(TargetCPU)-$(TargetOS)"/>
    </SearchPaths>
    <CodeGeneration>
      <TargetProcessor Value="pentiumm"/>
      <TargetCPU Value="i386"/>
    </CodeGeneration>
    <Linking>
      <Options>
        <Win32>
          <GraphicApplication Value="True"/>
        </Win32>
      </Options>
    </Linking>
    <Other>
      <CompilerMessages>
        <MsgFileName Value=""/>
      </CompilerMessages>
      <CompilerPath Value="$(CompPath)"/>
    </Other>
  </CompilerOptions>
  <Debugging>
    <Exceptions Count="3">
      <Item1>
        <Name Value="EAbort"/>
      </Item1>
      <Item2>
        <Name Value="ECodetoolError"/>
      </Item2>
      <Item3>
        <Name Value="EFOpenError"/>
      </Item3>
    </Exceptions>
  </Debugging>
</CONFIG>
